
Microsoft Visual Studio Solution File, Format Version 12.00
# Visual Studio 15
VisualStudioVersion = 15.0.26124.0
MinimumVisualStudioVersion = 15.0.26124.0
Project("{FAE04EC0-301F-11D3-BF4B-00C04F79EFBC}") = "Advent.First", "Advent.First\Advent.First.csproj", "{783AB176-358F-4441-B3CB-6FA72E9EEFA6}"
EndProject
Project("{FAE04EC0-301F-11D3-BF4B-00C04F79EFBC}") = "Advent.Helpers", "Advent.Helpers\Advent.Helpers.csproj", "{5F8F065F-CDC5-4682-A7D7-F681F63D78C0}"
EndProject
Global
	GlobalSection(SolutionConfigurationPlatforms) = preSolution
		Debug|Any CPU = Debug|Any CPU
		Debug|x64 = Debug|x64
		Debug|x86 = Debug|x86
		Release|Any CPU = Release|Any CPU
		Release|x64 = Release|x64
		Release|x86 = Release|x86
	EndGlobalSection
	GlobalSection(SolutionProperties) = preSolution
		HideSolutionNode = FALSE
	EndGlobalSection
	GlobalSection(ProjectConfigurationPlatforms) = postSolution
		{6DC403E8-DD9E-4ED9-9D2A-3605108683A2}.Debug|Any CPU.ActiveCfg = Debug|Any CPU
		{6DC403E8-DD9E-4ED9-9D2A-3605108683A2}.Debug|Any CPU.Build.0 = Debug|Any CPU
		{6DC403E8-DD9E-4ED9-9D2A-3605108683A2}.Debug|x64.ActiveCfg = Debug|Any CPU
		{6DC403E8-DD9E-4ED9-9D2A-3605108683A2}.Debug|x64.Build.0 = Debug|Any CPU
		{6DC403E8-DD9E-4ED9-9D2A-3605108683A2}.Debug|x86.ActiveCfg = Debug|Any CPU
		{6DC403E8-DD9E-4ED9-9D2A-3605108683A2}.Debug|x86.Build.0 = Debug|Any CPU
		{6DC403E8-DD9E-4ED9-9D2A-3605108683A2}.Release|Any CPU.ActiveCfg = Release|Any CPU
		{6DC403E8-DD9E-4ED9-9D2A-3605108683A2}.Release|Any CPU.Build.0 = Release|Any CPU
		{6DC403E8-DD9E-4ED9-9D2A-3605108683A2}.Release|x64.ActiveCfg = Release|Any CPU
		{6DC403E8-DD9E-4ED9-9D2A-3605108683A2}.Release|x64.Build.0 = Release|Any CPU
		{6DC403E8-DD9E-4ED9-9D2A-3605108683A2}.Release|x86.ActiveCfg = Release|Any CPU
		{6DC403E8-DD9E-4ED9-9D2A-3605108683A2}.Release|x86.Build.0 = Release|Any CPU
		{6E86DDC3-0181-4276-8B19-86BC8F6E10B9}.Debug|Any CPU.ActiveCfg = Debug|Any CPU
		{6E86DDC3-0181-4276-8B19-86BC8F6E10B9}.Debug|Any CPU.Build.0 = Debug|Any CPU
		{6E86DDC3-0181-4276-8B19-86BC8F6E10B9}.Debug|x64.ActiveCfg = Debug|Any CPU
		{6E86DDC3-0181-4276-8B19-86BC8F6E10B9}.Debug|x64.Build.0 = Debug|Any CPU
		{6E86DDC3-0181-4276-8B19-86BC8F6E10B9}.Debug|x86.ActiveCfg = Debug|Any CPU
		{6E86DDC3-0181-4276-8B19-86BC8F6E10B9}.Debug|x86.Build.0 = Debug|Any CPU
		{6E86DDC3-0181-4276-8B19-86BC8F6E10B9}.Release|Any CPU.ActiveCfg = Release|Any CPU
		{6E86DDC3-0181-4276-8B19-86BC8F6E10B9}.Release|Any CPU.Build.0 = Release|Any CPU
		{6E86DDC3-0181-4276-8B19-86BC8F6E10B9}.Release|x64.ActiveCfg = Release|Any CPU
		{6E86DDC3-0181-4276-8B19-86BC8F6E10B9}.Release|x64.Build.0 = Release|Any CPU
		{6E86DDC3-0181-4276-8B19-86BC8F6E10B9}.Release|x86.ActiveCfg = Release|Any CPU
		{6E86DDC3-0181-4276-8B19-86BC8F6E10B9}.Release|x86.Build.0 = Release|Any CPU
		{EF3027CB-D874-4795-94FA-69A3E0BC2C93}.Debug|Any CPU.ActiveCfg = Debug|Any CPU
		{EF3027CB-D874-4795-94FA-69A3E0BC2C93}.Debug|Any CPU.Build.0 = Debug|Any CPU
		{EF3027CB-D874-4795-94FA-69A3E0BC2C93}.Debug|x64.ActiveCfg = Debug|Any CPU
		{EF3027CB-D874-4795-94FA-69A3E0BC2C93}.Debug|x64.Build.0 = Debug|Any CPU
		{EF3027CB-D874-4795-94FA-69A3E0BC2C93}.Debug|x86.ActiveCfg = Debug|Any CPU
		{EF3027CB-D874-4795-94FA-69A3E0BC2C93}.Debug|x86.Build.0 = Debug|Any CPU
		{EF3027CB-D874-4795-94FA-69A3E0BC2C93}.Release|Any CPU.ActiveCfg = Release|Any CPU
		{EF3027CB-D874-4795-94FA-69A3E0BC2C93}.Release|Any CPU.Build.0 = Release|Any CPU
		{EF3027CB-D874-4795-94FA-69A3E0BC2C93}.Release|x64.ActiveCfg = Release|Any CPU
		{EF3027CB-D874-4795-94FA-69A3E0BC2C93}.Release|x64.Build.0 = Release|Any CPU
		{EF3027CB-D874-4795-94FA-69A3E0BC2C93}.Release|x86.ActiveCfg = Release|Any CPU
		{EF3027CB-D874-4795-94FA-69A3E0BC2C93}.Release|x86.Build.0 = Release|Any CPU
		{783AB176-358F-4441-B3CB-6FA72E9EEFA6}.Debug|Any CPU.ActiveCfg = Debug|Any CPU
		{783AB176-358F-4441-B3CB-6FA72E9EEFA6}.Debug|Any CPU.Build.0 = Debug|Any CPU
		{783AB176-358F-4441-B3CB-6FA72E9EEFA6}.Debug|x64.ActiveCfg = Debug|Any CPU
		{783AB176-358F-4441-B3CB-6FA72E9EEFA6}.Debug|x64.Build.0 = Debug|Any CPU
		{783AB176-358F-4441-B3CB-6FA72E9EEFA6}.Debug|x86.ActiveCfg = Debug|Any CPU
		{783AB176-358F-4441-B3CB-6FA72E9EEFA6}.Debug|x86.Build.0 = Debug|Any CPU
		{783AB176-358F-4441-B3CB-6FA72E9EEFA6}.Release|Any CPU.ActiveCfg = Release|Any CPU
		{783AB176-358F-4441-B3CB-6FA72E9EEFA6}.Release|Any CPU.Build.0 = Release|Any CPU
		{783AB176-358F-4441-B3CB-6FA72E9EEFA6}.Release|x64.ActiveCfg = Release|Any CPU
		{783AB176-358F-4441-B3CB-6FA72E9EEFA6}.Release|x64.Build.0 = Release|Any CPU
		{783AB176-358F-4441-B3CB-6FA72E9EEFA6}.Release|x86.ActiveCfg = Release|Any CPU
		{783AB176-358F-4441-B3CB-6FA72E9EEFA6}.Release|x86.Build.0 = Release|Any CPU
		{5F8F065F-CDC5-4682-A7D7-F681F63D78C0}.Debug|Any CPU.ActiveCfg = Debug|Any CPU
		{5F8F065F-CDC5-4682-A7D7-F681F63D78C0}.Debug|Any CPU.Build.0 = Debug|Any CPU
		{5F8F065F-CDC5-4682-A7D7-F681F63D78C0}.Debug|x64.ActiveCfg = Debug|Any CPU
		{5F8F065F-CDC5-4682-A7D7-F681F63D78C0}.Debug|x64.Build.0 = Debug|Any CPU
		{5F8F065F-CDC5-4682-A7D7-F681F63D78C0}.Debug|x86.ActiveCfg = Debug|Any CPU
		{5F8F065F-CDC5-4682-A7D7-F681F63D78C0}.Debug|x86.Build.0 = Debug|Any CPU
		{5F8F065F-CDC5-4682-A7D7-F681F63D78C0}.Release|Any CPU.ActiveCfg = Release|Any CPU
		{5F8F065F-CDC5-4682-A7D7-F681F63D78C0}.Release|Any CPU.Build.0 = Release|Any CPU
		{5F8F065F-CDC5-4682-A7D7-F681F63D78C0}.Release|x64.ActiveCfg = Release|Any CPU
		{5F8F065F-CDC5-4682-A7D7-F681F63D78C0}.Release|x64.Build.0 = Release|Any CPU
		{5F8F065F-CDC5-4682-A7D7-F681F63D78C0}.Release|x86.ActiveCfg = Release|Any CPU
		{5F8F065F-CDC5-4682-A7D7-F681F63D78C0}.Release|x86.Build.0 = Release|Any CPU
	EndGlobalSection
EndGlobal
